
Microsoft Visual Studio Solution File, Format Version 12.00
# Visual Studio 15
VisualStudioVersion = 15.0.28307.902
MinimumVisualStudioVersion = 10.0.40219.1
Project("{FAE04EC0-301F-11D3-BF4B-00C04F79EFBC}") = "CsvImporter", "CsvImporter.csproj", "{52D37C13-C251-44C7-9054-03430E876432}"
EndProject
Project("{FAE04EC0-301F-11D3-BF4B-00C04F79EFBC}") = "CsvImporterTest", "..\CsvImporterTest\CsvImporterTest.csproj", "{4BA687CD-3C05-4F71-BE6C-DA4919E90A0E}"
	ProjectSection(ProjectDependencies) = postProject
		{52D37C13-C251-44C7-9054-03430E876432} = {52D37C13-C251-44C7-9054-03430E876432}
	EndProjectSection
EndProject
Global
	GlobalSection(SolutionConfigurationPlatforms) = preSolution
		Debug|Any CPU = Debug|Any CPU
		Release|Any CPU = Release|Any CPU
	EndGlobalSection
	GlobalSection(ProjectConfigurationPlatforms) = postSolution
		{52D37C13-C251-44C7-9054-03430E876432}.Debug|Any CPU.ActiveCfg = Debug|Any CPU
		{52D37C13-C251-44C7-9054-03430E876432}.Debug|Any CPU.Build.0 = Debug|Any CPU
		{52D37C13-C251-44C7-9054-03430E876432}.Release|Any CPU.ActiveCfg = Release|Any CPU
		{52D37C13-C251-44C7-9054-03430E876432}.Release|Any CPU.Build.0 = Release|Any CPU
		{4BA687CD-3C05-4F71-BE6C-DA4919E90A0E}.Debug|Any CPU.ActiveCfg = Debug|Any CPU
		{4BA687CD-3C05-4F71-BE6C-DA4919E90A0E}.Debug|Any CPU.Build.0 = Debug|Any CPU
		{4BA687CD-3C05-4F71-BE6C-DA4919E90A0E}.Release|Any CPU.ActiveCfg = Release|Any CPU
		{4BA687CD-3C05-4F71-BE6C-DA4919E90A0E}.Release|Any CPU.Build.0 = Release|Any CPU
	EndGlobalSection
	GlobalSection(SolutionProperties) = preSolution
		HideSolutionNode = FALSE
	EndGlobalSection
	GlobalSection(ExtensibilityGlobals) = postSolution
		SolutionGuid = {D8AEC11F-D076-48FD-ADBB-B63BB231D1A8}
	EndGlobalSection
EndGlobal
